
Microsoft Visual Studio Solution File, Format Version 12.00
# Visual Studio 15
VisualStudioVersion = 15.0.27428.2037
MinimumVisualStudioVersion = 10.0.40219.1
Project("{9A19103F-16F7-4668-BE54-9A1E7A4F7556}") = "InsertTranslations", "InsertTranslations\InsertTranslations.csproj", "{46187709-DCF7-4C9B-8890-51317D491393}"
EndProject
Global
	GlobalSection(SolutionConfigurationPlatforms) = preSolution
		Debug|Any CPU = Debug|Any CPU
		Release|Any CPU = Release|Any CPU
	EndGlobalSection
	GlobalSection(ProjectConfigurationPlatforms) = postSolution
		{46187709-DCF7-4C9B-8890-51317D491393}.Debug|Any CPU.ActiveCfg = Release|Any CPU
		{46187709-DCF7-4C9B-8890-51317D491393}.Debug|Any CPU.Build.0 = Release|Any CPU
		{46187709-DCF7-4C9B-8890-51317D491393}.Release|Any CPU.ActiveCfg = Release|Any CPU
		{46187709-DCF7-4C9B-8890-51317D491393}.Release|Any CPU.Build.0 = Release|Any CPU
	EndGlobalSection
	GlobalSection(SolutionProperties) = preSolution
		HideSolutionNode = FALSE
	EndGlobalSection
	GlobalSection(ExtensibilityGlobals) = postSolution
		SolutionGuid = {F1039332-09F1-4882-8B1F-02459383C922}
	EndGlobalSection
EndGlobal
